{
  "lockfileVersion": 1,
  "workspaces": {
    "": {
      "name": "symballist",
      "dependencies": {
        "tree-sitter": "^0.21.1",
        "tree-sitter-html": "^0.23.2",
        "tree-sitter-javascript": "0.23.1",
        "tree-sitter-python": "^0.21.0",
        "tree-sitter-typescript": "^0.23.2",
      },
    },
  },
  "trustedDependencies": [
    "tree-sitter-python",
    "tree-sitter",
    "tree-sitter-html",
    "tree-sitter-javascript",
    "tree-sitter-typescript",
  ],
  "packages": {
    "node-addon-api": ["node-addon-api@8.7.0", "", {}, ""],

    "node-gyp-build": ["node-gyp-build@4.8.4", "", { "bin": { "node-gyp-build": "bin.js", "node-gyp-build-optional": "optional.js", "node-gyp-build-test": "build-test.js" } }, ""],

    "tree-sitter": ["tree-sitter@0.21.1", "", { "dependencies": { "node-addon-api": "^8.0.0", "node-gyp-build": "^4.8.0" } }, "sha512-7dxoA6kYvtgWw80265MyqJlkRl4yawIjO7S5MigytjELkX43fV2WsAXzsNfO7sBpPPCF5Gp0+XzHk0DwLCq3xQ=="],

    "tree-sitter-html": ["tree-sitter-html@0.23.2", "", { "dependencies": { "node-addon-api": "^8.2.2", "node-gyp-build": "^4.8.2" }, "peerDependencies": { "tree-sitter": "^0.21.1" } }, "sha512-TN+l+7cCeLx9db/1RhRSqMAZO/266Oh2BHb8J8hMSSFLuzYvFTYP/UnD3S0mny5awzw05KzFNgu2vnwzN9wVJg=="],

    "tree-sitter-javascript": ["tree-sitter-javascript@0.23.1", "", { "dependencies": { "node-addon-api": "^8.2.2", "node-gyp-build": "^4.8.2" }, "peerDependencies": { "tree-sitter": "^0.21.1" }, "optionalPeers": ["tree-sitter"] }, "sha512-/bnhbrTD9frUYHQTiYnPcxyHORIw157ERBa6dqzaKxvR/x3PC4Yzd+D1pZIMS6zNg2v3a8BZ0oK7jHqsQo9fWA=="],

    "tree-sitter-python": ["tree-sitter-python@0.21.0", "", { "dependencies": { "node-addon-api": "^7.1.0", "node-gyp-build": "^4.8.0" }, "peerDependencies": { "tree-sitter": "^0.21.0" } }, "sha512-IUKx7JcTVbByUx1iHGFS/QsIjx7pqwTMHL9bl/NGyhyyydbfNrpruo2C7W6V4KZrbkkCOlX8QVrCoGOFW5qecg=="],

    "tree-sitter-typescript": ["tree-sitter-typescript@0.23.2", "", { "dependencies": { "node-addon-api": "^8.2.2", "node-gyp-build": "^4.8.2", "tree-sitter-javascript": "^0.23.1" }, "peerDependencies": { "tree-sitter": "^0.21.0" }, "optionalPeers": ["tree-sitter"] }, "sha512-e04JUUKxTT53/x3Uq1zIL45DoYKVfHH4CZqwgZhPg5qYROl5nQjV+85ruFzFGZxu+QeFVbRTPDRnqL9UbU4VeA=="],

    "tree-sitter-python/node-addon-api": ["node-addon-api@7.1.1", "", {}, "sha512-5m3bsyrjFWE1xf7nz7YXdN4udnVtXK6/Yfgn5qnahL6bCkf2yKt4k3nuTKAtT4r3IG8JNR2ncsIMdZuAzJjHQQ=="],
  }
}
